
Microsoft Visual Studio Solution File, Format Version 12.00
# Visual Studio Version 17
VisualStudioVersion = 17.11.35312.102
MinimumVisualStudioVersion = 10.0.40219.1
Project("{FAE04EC0-301F-11D3-BF4B-00C04F79EFBC}") = "Gaming Voice Assistant", "Gaming Voice Assistant.csproj", "{CD903043-5EBC-4A3F-88F7-5CD613CBE009}"
EndProject
Global
	GlobalSection(SolutionConfigurationPlatforms) = preSolution
		Debug|Any CPU = Debug|Any CPU
		Release|Any CPU = Release|Any CPU
	EndGlobalSection
	GlobalSection(ProjectConfigurationPlatforms) = postSolution
		{CD903043-5EBC-4A3F-88F7-5CD613CBE009}.Debug|Any CPU.ActiveCfg = Debug|Any CPU
		{CD903043-5EBC-4A3F-88F7-5CD613CBE009}.Debug|Any CPU.Build.0 = Debug|Any CPU
		{CD903043-5EBC-4A3F-88F7-5CD613CBE009}.Release|Any CPU.ActiveCfg = Release|Any CPU
		{CD903043-5EBC-4A3F-88F7-5CD613CBE009}.Release|Any CPU.Build.0 = Release|Any CPU
	EndGlobalSection
	GlobalSection(SolutionProperties) = preSolution
		HideSolutionNode = FALSE
	EndGlobalSection
	GlobalSection(ExtensibilityGlobals) = postSolution
		SolutionGuid = {2F30BBD2-49C4-4E8E-8C1E-7DC1307EB103}
	EndGlobalSection
EndGlobal
